
Microsoft Visual Studio Solution File, Format Version 12.00
# Visual Studio Version 17
VisualStudioVersion = 17.7.34202.233
MinimumVisualStudioVersion = 10.0.40219.1
Project("{9A19103F-16F7-4668-BE54-9A1E7A4F7556}") = "EmployeeManagement.Models", "EmployeeManagement.Models\EmployeeManagement.Models.csproj", "{A7FAD649-11B1-44C3-8C72-36EB3A57BAC4}"
EndProject
Project("{9A19103F-16F7-4668-BE54-9A1E7A4F7556}") = "EmployeeManagement.Web", "EmployeeManagement.Web\EmployeeManagement.Web.csproj", "{7A5E468C-F864-4435-875B-839E412C4236}"
EndProject
Project("{9A19103F-16F7-4668-BE54-9A1E7A4F7556}") = "EmployeeManagement.Api", "EmployeeManagement.Api\EmployeeManagement.Api.csproj", "{7C2A47BF-77CE-4B3C-975C-E81F1C3D1407}"
EndProject
Project("{FAE04EC0-301F-11D3-BF4B-00C04F79EFBC}") = "MagnusQ.Components", "MagnusQ.Components\MagnusQ.Components.csproj", "{B59B799D-5F11-49CF-B63B-3602B41B6302}"
EndProject
Global
	GlobalSection(SolutionConfigurationPlatforms) = preSolution
		Debug|Any CPU = Debug|Any CPU
		Release|Any CPU = Release|Any CPU
	EndGlobalSection
	GlobalSection(ProjectConfigurationPlatforms) = postSolution
		{A7FAD649-11B1-44C3-8C72-36EB3A57BAC4}.Debug|Any CPU.ActiveCfg = Debug|Any CPU
		{A7FAD649-11B1-44C3-8C72-36EB3A57BAC4}.Debug|Any CPU.Build.0 = Debug|Any CPU
		{A7FAD649-11B1-44C3-8C72-36EB3A57BAC4}.Release|Any CPU.ActiveCfg = Release|Any CPU
		{A7FAD649-11B1-44C3-8C72-36EB3A57BAC4}.Release|Any CPU.Build.0 = Release|Any CPU
		{7A5E468C-F864-4435-875B-839E412C4236}.Debug|Any CPU.ActiveCfg = Debug|Any CPU
		{7A5E468C-F864-4435-875B-839E412C4236}.Debug|Any CPU.Build.0 = Debug|Any CPU
		{7A5E468C-F864-4435-875B-839E412C4236}.Release|Any CPU.ActiveCfg = Release|Any CPU
		{7A5E468C-F864-4435-875B-839E412C4236}.Release|Any CPU.Build.0 = Release|Any CPU
		{7C2A47BF-77CE-4B3C-975C-E81F1C3D1407}.Debug|Any CPU.ActiveCfg = Debug|Any CPU
		{7C2A47BF-77CE-4B3C-975C-E81F1C3D1407}.Debug|Any CPU.Build.0 = Debug|Any CPU
		{7C2A47BF-77CE-4B3C-975C-E81F1C3D1407}.Release|Any CPU.ActiveCfg = Release|Any CPU
		{7C2A47BF-77CE-4B3C-975C-E81F1C3D1407}.Release|Any CPU.Build.0 = Release|Any CPU
		{B59B799D-5F11-49CF-B63B-3602B41B6302}.Debug|Any CPU.ActiveCfg = Debug|Any CPU
		{B59B799D-5F11-49CF-B63B-3602B41B6302}.Debug|Any CPU.Build.0 = Debug|Any CPU
		{B59B799D-5F11-49CF-B63B-3602B41B6302}.Release|Any CPU.ActiveCfg = Release|Any CPU
		{B59B799D-5F11-49CF-B63B-3602B41B6302}.Release|Any CPU.Build.0 = Release|Any CPU
	EndGlobalSection
	GlobalSection(SolutionProperties) = preSolution
		HideSolutionNode = FALSE
	EndGlobalSection
	GlobalSection(ExtensibilityGlobals) = postSolution
		SolutionGuid = {D4B57726-E6EE-428F-88FE-0E404D8FF2ED}
	EndGlobalSection
EndGlobal
